# THIS IS AN AUTOGENERATED FILE. DO NOT EDIT THIS FILE DIRECTLY.
# yarn lockfile v1


date-fns@^2.21.2:
  version "2.21.2"
  resolved "https://registry.yarnpkg.com/date-fns/-/date-fns-2.21.2.tgz#9db92305cf00626e9122e56c72195b17725594aa"
  integrity sha512-FMkG7pIPx64mGIpS2LOb3Wp3O606H/hatoiz7G0oiYWai1izdM4tF1dd7QABv2NogkIDI4wxsfLLFQSuVvDHgA==
